
Microsoft Visual Studio Solution File, Format Version 11.00
# Visual C++ Express 2010
Project("{8BC9CEB8-8B4A-11D0-8D11-00A0C91BC942}") = "CV - Gender Classifier", "CV - Gender Classifier\CV - Gender Classifier.vcxproj", "{99462B10-073E-4F17-A175-2AAE24ED1008}"
EndProject
Global
	GlobalSection(SolutionConfigurationPlatforms) = preSolution
		Debug|Win32 = Debug|Win32
		Release|Win32 = Release|Win32
	EndGlobalSection
	GlobalSection(ProjectConfigurationPlatforms) = postSolution
		{99462B10-073E-4F17-A175-2AAE24ED1008}.Debug|Win32.ActiveCfg = Debug|Win32
		{99462B10-073E-4F17-A175-2AAE24ED1008}.Debug|Win32.Build.0 = Debug|Win32
		{99462B10-073E-4F17-A175-2AAE24ED1008}.Release|Win32.ActiveCfg = Release|Win32
		{99462B10-073E-4F17-A175-2AAE24ED1008}.Release|Win32.Build.0 = Release|Win32
	EndGlobalSection
	GlobalSection(SolutionProperties) = preSolution
		HideSolutionNode = FALSE
	EndGlobalSection
EndGlobal
